# This file is automatically @generated by Cargo.
# It is not intended for manual editing.
version = 3

[[package]]
name = "enum_stringify"
version = "0.3.0"
dependencies = [
 "proc-macro2",
 "quote",
 "serde",
 "syn",
]

[[package]]
name = "proc-macro2"
version = "1.0.73"
source = "registry+https://github.com/rust-lang/crates.io-index"
checksum = "2dd5e8a1f1029c43224ad5898e50140c2aebb1705f19e67c918ebf5b9e797fe1"
dependencies = [
 "unicode-ident",
]

[[package]]
name = "quote"
version = "1.0.34"
source = "registry+https://github.com/rust-lang/crates.io-index"
checksum = "22a37c9326af5ed140c86a46655b5278de879853be5573c01df185b6f49a580a"
dependencies = [
 "proc-macro2",
]

[[package]]
name = "serde"
version = "1.0.193"
source = "registry+https://github.com/rust-lang/crates.io-index"
checksum = "25dd9975e68d0cb5aa1120c288333fc98731bd1dd12f561e468ea4728c042b89"
dependencies = [
 "serde_derive",
]

[[package]]
name = "serde_derive"
version = "1.0.193"
source = "registry+https://github.com/rust-lang/crates.io-index"
checksum = "43576ca501357b9b071ac53cdc7da8ef0cbd9493d8df094cd821777ea6e894d3"
dependencies = [
 "proc-macro2",
 "quote",
 "syn",
]

[[package]]
name = "syn"
version = "2.0.43"
source = "registry+https://github.com/rust-lang/crates.io-index"
checksum = "ee659fb5f3d355364e1f3e5bc10fb82068efbf824a1e9d1c9504244a6469ad53"
dependencies = [
 "proc-macro2",
 "quote",
 "unicode-ident",
]

[[package]]
name = "unicode-ident"
version = "1.0.11"
source = "registry+https://github.com/rust-lang/crates.io-index"
checksum = "301abaae475aa91687eb82514b328ab47a211a533026cb25fc3e519b86adfc3c"
